
Microsoft Visual Studio Solution File, Format Version 12.00
# Visual Studio 15
VisualStudioVersion = 15.0.28307.539
MinimumVisualStudioVersion = 10.0.40219.1
Project("{8BC9CEB8-8B4A-11D0-8D11-00A0C91BC942}") = "Assignments02", "Assignments02\Assignments02.vcxproj", "{2F220D6B-2D33-463B-BA8F-98011F8B9B90}"
EndProject
Project("{8BC9CEB8-8B4A-11D0-8D11-00A0C91BC942}") = "UnitTestA02", "UnitTestA02\UnitTestA02.vcxproj", "{51FC3428-FBCD-48E9-A81B-B1746476C015}"
EndProject
Project("{8BC9CEB8-8B4A-11D0-8D11-00A0C91BC942}") = "Assignment03", "Assignment03\Assignment03.vcxproj", "{DB63101E-DFFE-47A5-8247-3EA5DA0EB8FA}"
EndProject
Project("{8BC9CEB8-8B4A-11D0-8D11-00A0C91BC942}") = "UnitTestA03", "UnitTestA03\UnitTestA03.vcxproj", "{FFD142F6-BC08-4741-9A4B-8C8CE0E3CA26}"
EndProject
Project("{FAE04EC0-301F-11D3-BF4B-00C04F79EFBC}") = "Assignment03-2", "Assignment03-2\Assignment03-2.csproj", "{CE7FD864-23AE-4C03-BCBB-2A9000C7AEC4}"
EndProject
Project("{FAE04EC0-301F-11D3-BF4B-00C04F79EFBC}") = "UnitTestA03-2", "Assignment03-2Tests\UnitTestA03-2.csproj", "{D8A1A127-C68D-4A5E-9328-724F7DEFE02F}"
EndProject
Global
	GlobalSection(SolutionConfigurationPlatforms) = preSolution
		Debug|Any CPU = Debug|Any CPU
		Debug|x64 = Debug|x64
		Debug|x86 = Debug|x86
		Release|Any CPU = Release|Any CPU
		Release|x64 = Release|x64
		Release|x86 = Release|x86
	EndGlobalSection
	GlobalSection(ProjectConfigurationPlatforms) = postSolution
		{2F220D6B-2D33-463B-BA8F-98011F8B9B90}.Debug|Any CPU.ActiveCfg = Debug|Win32
		{2F220D6B-2D33-463B-BA8F-98011F8B9B90}.Debug|x64.ActiveCfg = Debug|x64
		{2F220D6B-2D33-463B-BA8F-98011F8B9B90}.Debug|x64.Build.0 = Debug|x64
		{2F220D6B-2D33-463B-BA8F-98011F8B9B90}.Debug|x86.ActiveCfg = Debug|Win32
		{2F220D6B-2D33-463B-BA8F-98011F8B9B90}.Debug|x86.Build.0 = Debug|Win32
		{2F220D6B-2D33-463B-BA8F-98011F8B9B90}.Release|Any CPU.ActiveCfg = Release|Win32
		{2F220D6B-2D33-463B-BA8F-98011F8B9B90}.Release|x64.ActiveCfg = Release|x64
		{2F220D6B-2D33-463B-BA8F-98011F8B9B90}.Release|x64.Build.0 = Release|x64
		{2F220D6B-2D33-463B-BA8F-98011F8B9B90}.Release|x86.ActiveCfg = Release|Win32
		{2F220D6B-2D33-463B-BA8F-98011F8B9B90}.Release|x86.Build.0 = Release|Win32
		{51FC3428-FBCD-48E9-A81B-B1746476C015}.Debug|Any CPU.ActiveCfg = Debug|Win32
		{51FC3428-FBCD-48E9-A81B-B1746476C015}.Debug|x64.ActiveCfg = Debug|x64
		{51FC3428-FBCD-48E9-A81B-B1746476C015}.Debug|x64.Build.0 = Debug|x64
		{51FC3428-FBCD-48E9-A81B-B1746476C015}.Debug|x86.ActiveCfg = Debug|Win32
		{51FC3428-FBCD-48E9-A81B-B1746476C015}.Debug|x86.Build.0 = Debug|Win32
		{51FC3428-FBCD-48E9-A81B-B1746476C015}.Release|Any CPU.ActiveCfg = Release|Win32
		{51FC3428-FBCD-48E9-A81B-B1746476C015}.Release|x64.ActiveCfg = Release|x64
		{51FC3428-FBCD-48E9-A81B-B1746476C015}.Release|x64.Build.0 = Release|x64
		{51FC3428-FBCD-48E9-A81B-B1746476C015}.Release|x86.ActiveCfg = Release|Win32
		{51FC3428-FBCD-48E9-A81B-B1746476C015}.Release|x86.Build.0 = Release|Win32
		{DB63101E-DFFE-47A5-8247-3EA5DA0EB8FA}.Debug|Any CPU.ActiveCfg = Debug|Win32
		{DB63101E-DFFE-47A5-8247-3EA5DA0EB8FA}.Debug|x64.ActiveCfg = Debug|x64
		{DB63101E-DFFE-47A5-8247-3EA5DA0EB8FA}.Debug|x64.Build.0 = Debug|x64
		{DB63101E-DFFE-47A5-8247-3EA5DA0EB8FA}.Debug|x86.ActiveCfg = Debug|Win32
		{DB63101E-DFFE-47A5-8247-3EA5DA0EB8FA}.Debug|x86.Build.0 = Debug|Win32
		{DB63101E-DFFE-47A5-8247-3EA5DA0EB8FA}.Release|Any CPU.ActiveCfg = Release|Win32
		{DB63101E-DFFE-47A5-8247-3EA5DA0EB8FA}.Release|x64.ActiveCfg = Release|x64
		{DB63101E-DFFE-47A5-8247-3EA5DA0EB8FA}.Release|x64.Build.0 = Release|x64
		{DB63101E-DFFE-47A5-8247-3EA5DA0EB8FA}.Release|x86.ActiveCfg = Release|Win32
		{DB63101E-DFFE-47A5-8247-3EA5DA0EB8FA}.Release|x86.Build.0 = Release|Win32
		{FFD142F6-BC08-4741-9A4B-8C8CE0E3CA26}.Debug|Any CPU.ActiveCfg = Debug|Win32
		{FFD142F6-BC08-4741-9A4B-8C8CE0E3CA26}.Debug|x64.ActiveCfg = Debug|x64
		{FFD142F6-BC08-4741-9A4B-8C8CE0E3CA26}.Debug|x64.Build.0 = Debug|x64
		{FFD142F6-BC08-4741-9A4B-8C8CE0E3CA26}.Debug|x86.ActiveCfg = Debug|Win32
		{FFD142F6-BC08-4741-9A4B-8C8CE0E3CA26}.Debug|x86.Build.0 = Debug|Win32
		{FFD142F6-BC08-4741-9A4B-8C8CE0E3CA26}.Release|Any CPU.ActiveCfg = Release|Win32
		{FFD142F6-BC08-4741-9A4B-8C8CE0E3CA26}.Release|x64.ActiveCfg = Release|x64
		{FFD142F6-BC08-4741-9A4B-8C8CE0E3CA26}.Release|x64.Build.0 = Release|x64
		{FFD142F6-BC08-4741-9A4B-8C8CE0E3CA26}.Release|x86.ActiveCfg = Release|Win32
		{FFD142F6-BC08-4741-9A4B-8C8CE0E3CA26}.Release|x86.Build.0 = Release|Win32
		{CE7FD864-23AE-4C03-BCBB-2A9000C7AEC4}.Debug|Any CPU.ActiveCfg = Debug|Any CPU
		{CE7FD864-23AE-4C03-BCBB-2A9000C7AEC4}.Debug|Any CPU.Build.0 = Debug|Any CPU
		{CE7FD864-23AE-4C03-BCBB-2A9000C7AEC4}.Debug|x64.ActiveCfg = Debug|Any CPU
		{CE7FD864-23AE-4C03-BCBB-2A9000C7AEC4}.Debug|x64.Build.0 = Debug|Any CPU
		{CE7FD864-23AE-4C03-BCBB-2A9000C7AEC4}.Debug|x86.ActiveCfg = Debug|Any CPU
		{CE7FD864-23AE-4C03-BCBB-2A9000C7AEC4}.Debug|x86.Build.0 = Debug|Any CPU
		{CE7FD864-23AE-4C03-BCBB-2A9000C7AEC4}.Release|Any CPU.ActiveCfg = Release|Any CPU
		{CE7FD864-23AE-4C03-BCBB-2A9000C7AEC4}.Release|Any CPU.Build.0 = Release|Any CPU
		{CE7FD864-23AE-4C03-BCBB-2A9000C7AEC4}.Release|x64.ActiveCfg = Release|Any CPU
		{CE7FD864-23AE-4C03-BCBB-2A9000C7AEC4}.Release|x64.Build.0 = Release|Any CPU
		{CE7FD864-23AE-4C03-BCBB-2A9000C7AEC4}.Release|x86.ActiveCfg = Release|Any CPU
		{CE7FD864-23AE-4C03-BCBB-2A9000C7AEC4}.Release|x86.Build.0 = Release|Any CPU
		{D8A1A127-C68D-4A5E-9328-724F7DEFE02F}.Debug|Any CPU.ActiveCfg = Debug|Any CPU
		{D8A1A127-C68D-4A5E-9328-724F7DEFE02F}.Debug|Any CPU.Build.0 = Debug|Any CPU
		{D8A1A127-C68D-4A5E-9328-724F7DEFE02F}.Debug|x64.ActiveCfg = Debug|Any CPU
		{D8A1A127-C68D-4A5E-9328-724F7DEFE02F}.Debug|x64.Build.0 = Debug|Any CPU
		{D8A1A127-C68D-4A5E-9328-724F7DEFE02F}.Debug|x86.ActiveCfg = Debug|Any CPU
		{D8A1A127-C68D-4A5E-9328-724F7DEFE02F}.Debug|x86.Build.0 = Debug|Any CPU
		{D8A1A127-C68D-4A5E-9328-724F7DEFE02F}.Release|Any CPU.ActiveCfg = Release|Any CPU
		{D8A1A127-C68D-4A5E-9328-724F7DEFE02F}.Release|Any CPU.Build.0 = Release|Any CPU
		{D8A1A127-C68D-4A5E-9328-724F7DEFE02F}.Release|x64.ActiveCfg = Release|Any CPU
		{D8A1A127-C68D-4A5E-9328-724F7DEFE02F}.Release|x64.Build.0 = Release|Any CPU
		{D8A1A127-C68D-4A5E-9328-724F7DEFE02F}.Release|x86.ActiveCfg = Release|Any CPU
		{D8A1A127-C68D-4A5E-9328-724F7DEFE02F}.Release|x86.Build.0 = Release|Any CPU
	EndGlobalSection
	GlobalSection(SolutionProperties) = preSolution
		HideSolutionNode = FALSE
	EndGlobalSection
	GlobalSection(ExtensibilityGlobals) = postSolution
		SolutionGuid = {175364F9-6611-4F56-A893-8CD09CCB0DDA}
	EndGlobalSection
EndGlobal
